
Microsoft Visual Studio Solution File, Format Version 12.00
# Visual Studio 2013
VisualStudioVersion = 12.0.20827.3
MinimumVisualStudioVersion = 10.0.40219.1
Project("{FAE04EC0-301F-11D3-BF4B-00C04F79EFBC}") = "VisualStudioComparisonTools", "VisualStudioComparisonTools\VisualStudioComparisonTools.csproj", "{9DAFAE92-BD43-4888-A87C-022404817FA2}"
EndProject
Project("{54435603-DBB4-11D2-8724-00A0C9A8B90C}") = "VisualStudioComparisonToolsSetup", "VisualStudioComparisonToolsSetup\VisualStudioComparisonToolsSetup.vdproj", "{13CE2A03-46B2-4D2C-BEEE-AE6D40F12C17}"
EndProject
Project("{FAE04EC0-301F-11D3-BF4B-00C04F79EFBC}") = "VSCompTools", "VSCompTools\VSCompTools.csproj", "{3B6DEF8B-E0F8-4B63-97C7-137836F8F954}"
EndProject
Global
	GlobalSection(SolutionConfigurationPlatforms) = preSolution
		Debug|Any CPU = Debug|Any CPU
		Release|Any CPU = Release|Any CPU
	EndGlobalSection
	GlobalSection(ProjectConfigurationPlatforms) = postSolution
		{9DAFAE92-BD43-4888-A87C-022404817FA2}.Debug|Any CPU.ActiveCfg = Debug|Any CPU
		{9DAFAE92-BD43-4888-A87C-022404817FA2}.Debug|Any CPU.Build.0 = Debug|Any CPU
		{9DAFAE92-BD43-4888-A87C-022404817FA2}.Release|Any CPU.ActiveCfg = Release|Any CPU
		{9DAFAE92-BD43-4888-A87C-022404817FA2}.Release|Any CPU.Build.0 = Release|Any CPU
		{13CE2A03-46B2-4D2C-BEEE-AE6D40F12C17}.Debug|Any CPU.ActiveCfg = Debug
		{13CE2A03-46B2-4D2C-BEEE-AE6D40F12C17}.Debug|Any CPU.Build.0 = Debug
		{13CE2A03-46B2-4D2C-BEEE-AE6D40F12C17}.Release|Any CPU.ActiveCfg = Release
		{13CE2A03-46B2-4D2C-BEEE-AE6D40F12C17}.Release|Any CPU.Build.0 = Release
		{3B6DEF8B-E0F8-4B63-97C7-137836F8F954}.Debug|Any CPU.ActiveCfg = Debug|Any CPU
		{3B6DEF8B-E0F8-4B63-97C7-137836F8F954}.Debug|Any CPU.Build.0 = Debug|Any CPU
		{3B6DEF8B-E0F8-4B63-97C7-137836F8F954}.Release|Any CPU.ActiveCfg = Release|Any CPU
		{3B6DEF8B-E0F8-4B63-97C7-137836F8F954}.Release|Any CPU.Build.0 = Release|Any CPU
	EndGlobalSection
	GlobalSection(SolutionProperties) = preSolution
		HideSolutionNode = FALSE
	EndGlobalSection
	GlobalSection(SubversionScc) = preSolution
		Svn-Managed = True
		Manager = AnkhSVN - Subversion Support for Visual Studio
	EndGlobalSection
EndGlobal
