
Microsoft Visual Studio Solution File, Format Version 10.00
# Visual Studio 2008
Project("{FAE04EC0-301F-11D3-BF4B-00C04F79EFBC}") = "VisualStudioComparisonTools", "VisualStudioComparisonTools\VisualStudioComparisonTools.csproj", "{9DAFAE92-BD43-4888-A87C-022404817FA2}"
EndProject
Project("{54435603-DBB4-11D2-8724-00A0C9A8B90C}") = "VisualStudioComparisonToolsSetup", "VisualStudioComparisonToolsSetup\VisualStudioComparisonToolsSetup.vdproj", "{93FE38B6-E760-467B-ACBA-22C1E6D67909}"
EndProject
Global
	GlobalSection(SubversionScc) = preSolution
		Svn-Managed = True
		Manager = AnkhSVN - Subversion Support for Visual Studio
	EndGlobalSection
	GlobalSection(SolutionConfigurationPlatforms) = preSolution
		Debug|Any CPU = Debug|Any CPU
		Release|Any CPU = Release|Any CPU
	EndGlobalSection
	GlobalSection(ProjectConfigurationPlatforms) = postSolution
		{9DAFAE92-BD43-4888-A87C-022404817FA2}.Debug|Any CPU.ActiveCfg = Debug|Any CPU
		{9DAFAE92-BD43-4888-A87C-022404817FA2}.Debug|Any CPU.Build.0 = Debug|Any CPU
		{9DAFAE92-BD43-4888-A87C-022404817FA2}.Release|Any CPU.ActiveCfg = Release|Any CPU
		{9DAFAE92-BD43-4888-A87C-022404817FA2}.Release|Any CPU.Build.0 = Release|Any CPU
		{93FE38B6-E760-467B-ACBA-22C1E6D67909}.Debug|Any CPU.ActiveCfg = Debug
		{93FE38B6-E760-467B-ACBA-22C1E6D67909}.Debug|Any CPU.Build.0 = Debug
		{93FE38B6-E760-467B-ACBA-22C1E6D67909}.Release|Any CPU.ActiveCfg = Release
	EndGlobalSection
	GlobalSection(SolutionProperties) = preSolution
		HideSolutionNode = FALSE
	EndGlobalSection
EndGlobal
